
Microsoft Visual Studio Solution File, Format Version 12.00
# Visual Studio Version 16
VisualStudioVersion = 16.0.29503.13
MinimumVisualStudioVersion = 10.0.40219.1
Project("{9A19103F-16F7-4668-BE54-9A1E7A4F7556}") = "Birds", "Birds\Birds.csproj", "{1995565D-1AD7-4972-881E-2FC3A5E54F50}"
EndProject
Project("{9A19103F-16F7-4668-BE54-9A1E7A4F7556}") = "BirdTests", "BirdTests\BirdTests.csproj", "{0955FF62-F30A-4D1D-928D-2B99189094B2}"
EndProject
Global
	GlobalSection(SolutionConfigurationPlatforms) = preSolution
		Debug|Any CPU = Debug|Any CPU
		Release|Any CPU = Release|Any CPU
	EndGlobalSection
	GlobalSection(ProjectConfigurationPlatforms) = postSolution
		{1995565D-1AD7-4972-881E-2FC3A5E54F50}.Debug|Any CPU.ActiveCfg = Debug|Any CPU
		{1995565D-1AD7-4972-881E-2FC3A5E54F50}.Debug|Any CPU.Build.0 = Debug|Any CPU
		{1995565D-1AD7-4972-881E-2FC3A5E54F50}.Release|Any CPU.ActiveCfg = Release|Any CPU
		{1995565D-1AD7-4972-881E-2FC3A5E54F50}.Release|Any CPU.Build.0 = Release|Any CPU
		{0955FF62-F30A-4D1D-928D-2B99189094B2}.Debug|Any CPU.ActiveCfg = Debug|Any CPU
		{0955FF62-F30A-4D1D-928D-2B99189094B2}.Debug|Any CPU.Build.0 = Debug|Any CPU
		{0955FF62-F30A-4D1D-928D-2B99189094B2}.Release|Any CPU.ActiveCfg = Release|Any CPU
		{0955FF62-F30A-4D1D-928D-2B99189094B2}.Release|Any CPU.Build.0 = Release|Any CPU
	EndGlobalSection
	GlobalSection(SolutionProperties) = preSolution
		HideSolutionNode = FALSE
	EndGlobalSection
	GlobalSection(ExtensibilityGlobals) = postSolution
		SolutionGuid = {BF6B37FB-1733-4CFD-B675-C8DC5F3AFAB6}
	EndGlobalSection
EndGlobal
